<?xml version="1.0" encoding="utf-8"?>
<Project ToolsVersion="4.0" xmlns="http://schemas.microsoft.com/developer/msbuild/2003">
  <ItemGroup>
    <Filter Include="Resource Files">
      <UniqueIdentifier>{67DA6AB6-F800-4c08-8B7A-83BB121AAD01}</UniqueIdentifier>
      <Extensions>rc;ico;cur;bmp;dlg;rc2;rct;bin;rgs;gif;jpg;jpeg;jpe;resx;tiff;tif;png;wav;mfcribbon-ms</Extensions>
    </Filter>
    <Filter Include="Screens">
      <UniqueIdentifier>{cf8396e0-15e5-4434-ab5c-b6b85e3c19b8}</UniqueIdentifier>
    </Filter>
    <Filter Include="Screens\Header Files">
      <UniqueIdentifier>{7086accd-b340-4e62-ac9a-63c7c8af87ae}</UniqueIdentifier>
    </Filter>
    <Filter Include="Screens\Source Files">
      <UniqueIdentifier>{83bd7bfb-dcce-443d-a5e2-93af5fc2ef00}</UniqueIdentifier>
    </Filter>
    <Filter Include="Core">
      <UniqueIdentifier>{a22ce346-8485-446a-9fa0-bf1751208a96}</UniqueIdentifier>
    </Filter>
    <Filter Include="Core\Header Files">
      <UniqueIdentifier>{93995380-89BD-4b04-88EB-625FBE52EBFB}</UniqueIdentifier>
      <Extensions>h;hh;hpp;hxx;h++;hm;inl;inc;ipp;xsd</Extensions>
    </Filter>
    <Filter Include="Core\Source Files">
      <UniqueIdentifier>{4FC737F1-C7A5-4376-A066-2A32D752A2FF}</UniqueIdentifier>
      <Extensions>cpp;c;cc;cxx;c++;cppm;ixx;def;odl;idl;hpj;bat;asm;asmx</Extensions>
    </Filter>
    <Filter Include="Resource Files\Language">
      <UniqueIdentifier>{9fb5f911-009d-47fa-a630-23f2fb62ccbf}</UniqueIdentifier>
    </Filter>
    <Filter Include="Resource Files\Audio">
      <UniqueIdentifier>{d8b27f36-98f9-494b-b021-d3b4fa478f93}</UniqueIdentifier>
    </Filter>
  </ItemGroup>
  <ItemGroup>
    <ClCompile Include="View.cpp">
      <Filter>Core\Source Files</Filter>
    </ClCompile>
    <ClCompile Include="SaveLoad.cpp">
      <Filter>Core\Source Files</Filter>
    </ClCompile>
    <ClCompile Include="Navigate.cpp">
      <Filter>Core\Source Files</Filter>
    </ClCompile>
    <ClCompile Include="AI.cpp">
      <Filter>Core\Source Files</Filter>
    </ClCompile>
    <ClCompile Include="InputHandle.cpp">
      <Filter>Core\Source Files</Filter>
    </ClCompile>
    <ClCompile Include="Timer.cpp">
      <Filter>Core\Source Files</Filter>
    </ClCompile>
    <ClCompile Include="Audio.cpp">
      <Filter>Core\Source Files</Filter>
    </ClCompile>
    <ClCompile Include="Logic.cpp">
      <Filter>Core\Source Files</Filter>
    </ClCompile>
    <ClCompile Include="FileHandle.cpp">
      <Filter>Core\Source Files</Filter>
    </ClCompile>
    <ClCompile Include="Language.cpp">
      <Filter>Core\Source Files</Filter>
    </ClCompile>
    <ClCompile Include="Config.cpp">
      <Filter>Core\Source Files</Filter>
    </ClCompile>
    <ClCompile Include="MainMenu.cpp">
      <Filter>Screens\Source Files</Filter>
    </ClCompile>
    <ClCompile Include="About.cpp">
      <Filter>Screens\Source Files</Filter>
    </ClCompile>
    <ClCompile Include="CaroGame.cpp">
      <Filter>Core</Filter>
    </ClCompile>
    <ClCompile Include="Demo.cpp">
      <Filter>Core\Source Files</Filter>
    </ClCompile>
    <ClCompile Include="StartUp.cpp">
      <Filter>Screens\Source Files</Filter>
    </ClCompile>
    <ClCompile Include="Utils.cpp">
      <Filter>Core\Source Files</Filter>
    </ClCompile>
    <ClCompile Include="Setting.cpp">
      <Filter>Screens\Source Files</Filter>
    </ClCompile>
    <ClCompile Include="BoardContainer.cpp">
      <Filter>Screens\Source Files</Filter>
    </ClCompile>
    <ClCompile Include="Container.cpp">
      <Filter>Screens\Source Files</Filter>
    </ClCompile>
    <ClCompile Include="CornersHandler.cpp">
      <Filter>Screens\Source Files</Filter>
    </ClCompile>
    <ClCompile Include="GameScreen.cpp">
      <Filter>Screens\Source Files</Filter>
    </ClCompile>
    <ClCompile Include="GameView.cpp">
      <Filter>Screens\Source Files</Filter>
    </ClCompile>
    <ClCompile Include="Label.cpp">
      <Filter>Screens\Source Files</Filter>
    </ClCompile>
    <ClCompile Include="LoadScreen.cpp">
      <Filter>Screens\Source Files</Filter>
    </ClCompile>
    <ClCompile Include="InputBox.cpp">
      <Filter>Screens\Source Files</Filter>
    </ClCompile>
    <ClCompile Include="GameAction.cpp">
      <Filter>Core\Source Files</Filter>
    </ClCompile>
    <ClCompile Include="Logo.cpp">
      <Filter>Core\Source Files</Filter>
    </ClCompile>
    <ClCompile Include="SaveScreen.cpp">
      <Filter>Screens\Source Files</Filter>
    </ClCompile>
  </ItemGroup>
  <ItemGroup>
    <ClInclude Include="View.h">
      <Filter>Core\Header Files</Filter>
    </ClInclude>
    <ClInclude Include="SaveLoad.h">
      <Filter>Core\Header Files</Filter>
    </ClInclude>
    <ClInclude Include="Navigate.h">
      <Filter>Core\Header Files</Filter>
    </ClInclude>
    <ClInclude Include="AI.h">
      <Filter>Core\Header Files</Filter>
    </ClInclude>
    <ClInclude Include="Audio.h">
      <Filter>Core\Header Files</Filter>
    </ClInclude>
    <ClInclude Include="Timer.h">
      <Filter>Core\Header Files</Filter>
    </ClInclude>
    <ClInclude Include="InputHandle.h">
      <Filter>Core\Header Files</Filter>
    </ClInclude>
    <ClInclude Include="Constants.h">
      <Filter>Core\Header Files</Filter>
    </ClInclude>
    <ClInclude Include="Logic.h">
      <Filter>Core\Header Files</Filter>
    </ClInclude>
    <ClInclude Include="FileHandle.h">
      <Filter>Core\Header Files</Filter>
    </ClInclude>
    <ClInclude Include="Language.h">
      <Filter>Core\Header Files</Filter>
    </ClInclude>
    <ClInclude Include="Config.h">
      <Filter>Core\Header Files</Filter>
    </ClInclude>
    <ClInclude Include="MainMenu.h">
      <Filter>Screens\Header Files</Filter>
    </ClInclude>
    <ClInclude Include="About.h">
      <Filter>Screens\Header Files</Filter>
    </ClInclude>
    <ClInclude Include="GameState.h">
      <Filter>Core\Header Files</Filter>
    </ClInclude>
    <ClInclude Include="Container.h">
      <Filter>Screens\Header Files</Filter>
    </ClInclude>
    <ClInclude Include="BoardContainer.h">
      <Filter>Screens\Header Files</Filter>
    </ClInclude>
    <ClInclude Include="CornersHandler.h">
      <Filter>Screens\Header Files</Filter>
    </ClInclude>
    <ClInclude Include="GameScreen.h">
      <Filter>Screens\Header Files</Filter>
    </ClInclude>
    <ClInclude Include="GameView.h">
      <Filter>Screens\Header Files</Filter>
    </ClInclude>
    <ClInclude Include="Label.h">
      <Filter>Screens\Header Files</Filter>
    </ClInclude>
    <ClInclude Include="Setting.h">
      <Filter>Screens\Header Files</Filter>
    </ClInclude>
    <ClInclude Include="StartUp.h">
      <Filter>Screens\Header Files</Filter>
    </ClInclude>
    <ClInclude Include="Utils.h">
      <Filter>Core\Header Files</Filter>
    </ClInclude>
    <ClInclude Include="GameAction.h">
      <Filter>Core\Header Files</Filter>
    </ClInclude>
    <ClInclude Include="InputBox.h">
      <Filter>Core\Header Files</Filter>
    </ClInclude>
    <ClInclude Include="LoadScreen.h">
      <Filter>Core\Header Files</Filter>
    </ClInclude>
    <ClInclude Include="Logo.h">
      <Filter>Core\Header Files</Filter>
    </ClInclude>
    <ClInclude Include="SaveScreen.h">
      <Filter>Screens\Header Files</Filter>
    </ClInclude>
  </ItemGroup>
  <ItemGroup>
    <Text Include="Features.md" />
    <Text Include="TODO.md" />
    <Text Include="asset\language\vi.txt">
      <Filter>Resource Files\Language</Filter>
    </Text>
    <Text Include="asset\language\en.txt">
      <Filter>Resource Files\Language</Filter>
    </Text>
  </ItemGroup>
  <ItemGroup>
    <Media Include="asset\audio\onKey.wav">
      <Filter>Resource Files\Audio</Filter>
    </Media>
    <Media Include="asset\audio\nhac_an_chon.mp3">
      <Filter>Resource Files\Audio</Filter>
    </Media>
    <Media Include="asset\audio\nhac_hoa.mp3">
      <Filter>Resource Files\Audio</Filter>
    </Media>
    <Media Include="asset\audio\nhac_nen_choi_game.mp3">
      <Filter>Resource Files\Audio</Filter>
    </Media>
    <Media Include="asset\audio\nhac_thang.mp3">
      <Filter>Resource Files\Audio</Filter>
    </Media>
    <Media Include="asset\audio\nhac_thua.mp3">
      <Filter>Resource Files\Audio</Filter>
    </Media>
  </ItemGroup>
</Project>