<?xml version="1.0" encoding="utf-8"?>
<Project ToolsVersion="4.0" xmlns="http://schemas.microsoft.com/developer/msbuild/2003">
  <ItemGroup>
    <Filter Include="Resource Files">
      <UniqueIdentifier>{67DA6AB6-F800-4c08-8B7A-83BB121AAD01}</UniqueIdentifier>
      <Extensions>rc;ico;cur;bmp;dlg;rc2;rct;bin;rgs;gif;jpg;jpeg;jpe;resx;tiff;tif;png;wav;mfcribbon-ms</Extensions>
    </Filter>
    <Filter Include="Screens">
      <UniqueIdentifier>{cf8396e0-15e5-4434-ab5c-b6b85e3c19b8}</UniqueIdentifier>
    </Filter>
    <Filter Include="Screens\Header Files">
      <UniqueIdentifier>{7086accd-b340-4e62-ac9a-63c7c8af87ae}</UniqueIdentifier>
    </Filter>
    <Filter Include="Screens\Source Files">
      <UniqueIdentifier>{83bd7bfb-dcce-443d-a5e2-93af5fc2ef00}</UniqueIdentifier>
    </Filter>
    <Filter Include="Core">
      <UniqueIdentifier>{a22ce346-8485-446a-9fa0-bf1751208a96}</UniqueIdentifier>
    </Filter>
    <Filter Include="Core\Header Files">
      <UniqueIdentifier>{93995380-89BD-4b04-88EB-625FBE52EBFB}</UniqueIdentifier>
      <Extensions>h;hh;hpp;hxx;h++;hm;inl;inc;ipp;xsd</Extensions>
    </Filter>
    <Filter Include="Core\Source Files">
      <UniqueIdentifier>{4FC737F1-C7A5-4376-A066-2A32D752A2FF}</UniqueIdentifier>
      <Extensions>cpp;c;cc;cxx;c++;cppm;ixx;def;odl;idl;hpj;bat;asm;asmx</Extensions>
    </Filter>
    <Filter Include="Resource Files\Language">
      <UniqueIdentifier>{9fb5f911-009d-47fa-a630-23f2fb62ccbf}</UniqueIdentifier>
    </Filter>
    <Filter Include="Resource Files\Audio">
      <UniqueIdentifier>{d8b27f36-98f9-494b-b021-d3b4fa478f93}</UniqueIdentifier>
    </Filter>
    <Filter Include="Bot">
      <UniqueIdentifier>{660d1d81-a9f4-4f57-ab35-f16b6fdb90a5}</UniqueIdentifier>
    </Filter>
    <Filter Include="Bot\Header Files">
      <UniqueIdentifier>{d57c8c8f-475a-473b-8893-8d3cad3bf9cf}</UniqueIdentifier>
    </Filter>
    <Filter Include="Bot\Source Files">
      <UniqueIdentifier>{2c776e73-e07d-4f2e-808a-9518baa3de05}</UniqueIdentifier>
    </Filter>
    <Filter Include="Graphics">
      <UniqueIdentifier>{ad1cb675-7018-4d8a-97a1-2132ead43a06}</UniqueIdentifier>
    </Filter>
    <Filter Include="Graphics\Header Files">
      <UniqueIdentifier>{1451b364-659e-4b9b-a82e-e07eb9b7682a}</UniqueIdentifier>
    </Filter>
    <Filter Include="Graphics\Source Files">
      <UniqueIdentifier>{308ab83b-1494-457e-b402-5cf96efe58b0}</UniqueIdentifier>
    </Filter>
  </ItemGroup>
  <ItemGroup>
    <ClCompile Include="View.cpp">
      <Filter>Core\Source Files</Filter>
    </ClCompile>
    <ClCompile Include="SaveLoad.cpp">
      <Filter>Core\Source Files</Filter>
    </ClCompile>
    <ClCompile Include="Navigate.cpp">
      <Filter>Core\Source Files</Filter>
    </ClCompile>
    <ClCompile Include="InputHandle.cpp">
      <Filter>Core\Source Files</Filter>
    </ClCompile>
    <ClCompile Include="Timer.cpp">
      <Filter>Core\Source Files</Filter>
    </ClCompile>
    <ClCompile Include="Audio.cpp">
      <Filter>Core\Source Files</Filter>
    </ClCompile>
    <ClCompile Include="Logic.cpp">
      <Filter>Core\Source Files</Filter>
    </ClCompile>
    <ClCompile Include="FileHandle.cpp">
      <Filter>Core\Source Files</Filter>
    </ClCompile>
    <ClCompile Include="Language.cpp">
      <Filter>Core\Source Files</Filter>
    </ClCompile>
    <ClCompile Include="Config.cpp">
      <Filter>Core\Source Files</Filter>
    </ClCompile>
    <ClCompile Include="MainMenu.cpp">
      <Filter>Screens\Source Files</Filter>
    </ClCompile>
    <ClCompile Include="About.cpp">
      <Filter>Screens\Source Files</Filter>
    </ClCompile>
    <ClCompile Include="CaroGame.cpp">
      <Filter>Core</Filter>
    </ClCompile>
    <ClCompile Include="Demo.cpp">
      <Filter>Core\Source Files</Filter>
    </ClCompile>
    <ClCompile Include="StartUp.cpp">
      <Filter>Screens\Source Files</Filter>
    </ClCompile>
    <ClCompile Include="Utils.cpp">
      <Filter>Core\Source Files</Filter>
    </ClCompile>
    <ClCompile Include="Setting.cpp">
      <Filter>Screens\Source Files</Filter>
    </ClCompile>
    <ClCompile Include="BoardContainer.cpp">
      <Filter>Screens\Source Files</Filter>
    </ClCompile>
    <ClCompile Include="Container.cpp">
      <Filter>Screens\Source Files</Filter>
    </ClCompile>
    <ClCompile Include="CornersHandler.cpp">
      <Filter>Screens\Source Files</Filter>
    </ClCompile>
    <ClCompile Include="GameScreen.cpp">
      <Filter>Screens\Source Files</Filter>
    </ClCompile>
    <ClCompile Include="Label.cpp">
      <Filter>Screens\Source Files</Filter>
    </ClCompile>
    <ClCompile Include="LoadScreen.cpp">
      <Filter>Screens\Source Files</Filter>
    </ClCompile>
    <ClCompile Include="InputBox.cpp">
      <Filter>Screens\Source Files</Filter>
    </ClCompile>
    <ClCompile Include="GameAction.cpp">
      <Filter>Core\Source Files</Filter>
    </ClCompile>
    <ClCompile Include="SaveScreen.cpp">
      <Filter>Screens\Source Files</Filter>
    </ClCompile>
    <ClCompile Include="Deadpool.cpp">
      <Filter>Graphics\Source Files</Filter>
    </ClCompile>
    <ClCompile Include="Captain.cpp">
      <Filter>Graphics\Source Files</Filter>
    </ClCompile>
    <ClCompile Include="Avatar.cpp">
      <Filter>Graphics\Source Files</Filter>
    </ClCompile>
    <ClCompile Include="AI.cpp">
      <Filter>Bot\Source Files</Filter>
    </ClCompile>
    <ClCompile Include="Evaluation.cpp">
      <Filter>Bot\Source Files</Filter>
    </ClCompile>
    <ClCompile Include="Hash.cpp">
      <Filter>Bot\Source Files</Filter>
    </ClCompile>
    <ClCompile Include="Logo_Caro.cpp">
      <Filter>Graphics\Source Files</Filter>
    </ClCompile>
    <ClCompile Include="Result.cpp">
      <Filter>Graphics\Source Files</Filter>
    </ClCompile>
    <ClCompile Include="ReplayLoad.cpp">
      <Filter>Screens\Source Files</Filter>
    </ClCompile>
    <ClCompile Include="ReplaySave.cpp">
      <Filter>Screens\Source Files</Filter>
    </ClCompile>
    <ClCompile Include="BackgroundAudioService.cpp">
      <Filter>Core\Source Files</Filter>
    </ClCompile>
    <ClCompile Include="Common.cpp">
      <Filter>Screens\Source Files</Filter>
    </ClCompile>
    <ClCompile Include="Hash.cpp">
      <Filter>Bot\Source Files</Filter>
    </ClCompile>
    <ClCompile Include="Evaluation.cpp">
      <Filter>Bot\Source Files</Filter>
    </ClCompile>
    <ClCompile Include="GameSelectionView.cpp">
      <Filter>Screens\Source Files</Filter>
    </ClCompile>
    <ClCompile Include="GameScreenView.cpp">
      <Filter>Screens\Source Files</Filter>
    </ClCompile>
    <ClCompile Include="GameScreenAction.cpp">
      <Filter>Screens\Source Files</Filter>
    </ClCompile>
    <ClCompile Include="PokemonBlack.cpp">
      <Filter>Graphics\Source Files</Filter>
    </ClCompile>
    <ClCompile Include="PokemonBlue.cpp">
      <Filter>Graphics\Source Files</Filter>
    </ClCompile>
    <ClCompile Include="PokemonGray.cpp">
      <Filter>Graphics\Source Files</Filter>
    </ClCompile>
    <ClCompile Include="PokemonGreen.cpp">
      <Filter>Graphics\Source Files</Filter>
    </ClCompile>
    <ClCompile Include="PokemonPink.cpp">
      <Filter>Graphics\Source Files</Filter>
    </ClCompile>
    <ClCompile Include="PokemonRed.cpp">
      <Filter>Graphics\Source Files</Filter>
    </ClCompile>
    <ClCompile Include="PokemonWhite.cpp">
      <Filter>Graphics\Source Files</Filter>
    </ClCompile>
    <ClCompile Include="PokemonYellow.cpp">
      <Filter>Graphics\Source Files</Filter>
    </ClCompile>
    <ClCompile Include="ReplayScreenView.cpp">
      <Filter>Screens\Source Files</Filter>
    </ClCompile>
    <ClCompile Include="GameEndView.cpp">
      <Filter>Screens\Source Files</Filter>
    </ClCompile>
    <ClCompile Include="Tutorial.cpp">
      <Filter>Screens\Source Files</Filter>
    </ClCompile>
    <ClCompile Include="Gura.cpp">
      <Filter>Graphics\Source Files</Filter>
    </ClCompile>
  </ItemGroup>
  <ItemGroup>
    <ClInclude Include="View.h">
      <Filter>Core\Header Files</Filter>
    </ClInclude>
    <ClInclude Include="SaveLoad.h">
      <Filter>Core\Header Files</Filter>
    </ClInclude>
    <ClInclude Include="Navigate.h">
      <Filter>Core\Header Files</Filter>
    </ClInclude>
    <ClInclude Include="Audio.h">
      <Filter>Core\Header Files</Filter>
    </ClInclude>
    <ClInclude Include="Timer.h">
      <Filter>Core\Header Files</Filter>
    </ClInclude>
    <ClInclude Include="InputHandle.h">
      <Filter>Core\Header Files</Filter>
    </ClInclude>
    <ClInclude Include="Constants.h">
      <Filter>Core\Header Files</Filter>
    </ClInclude>
    <ClInclude Include="Logic.h">
      <Filter>Core\Header Files</Filter>
    </ClInclude>
    <ClInclude Include="FileHandle.h">
      <Filter>Core\Header Files</Filter>
    </ClInclude>
    <ClInclude Include="Language.h">
      <Filter>Core\Header Files</Filter>
    </ClInclude>
    <ClInclude Include="Config.h">
      <Filter>Core\Header Files</Filter>
    </ClInclude>
    <ClInclude Include="MainMenu.h">
      <Filter>Screens\Header Files</Filter>
    </ClInclude>
    <ClInclude Include="About.h">
      <Filter>Screens\Header Files</Filter>
    </ClInclude>
    <ClInclude Include="GameState.h">
      <Filter>Core\Header Files</Filter>
    </ClInclude>
    <ClInclude Include="Container.h">
      <Filter>Screens\Header Files</Filter>
    </ClInclude>
    <ClInclude Include="BoardContainer.h">
      <Filter>Screens\Header Files</Filter>
    </ClInclude>
    <ClInclude Include="CornersHandler.h">
      <Filter>Screens\Header Files</Filter>
    </ClInclude>
    <ClInclude Include="GameScreen.h">
      <Filter>Screens\Header Files</Filter>
    </ClInclude>
    <ClInclude Include="Label.h">
      <Filter>Screens\Header Files</Filter>
    </ClInclude>
    <ClInclude Include="Setting.h">
      <Filter>Screens\Header Files</Filter>
    </ClInclude>
    <ClInclude Include="StartUp.h">
      <Filter>Screens\Header Files</Filter>
    </ClInclude>
    <ClInclude Include="Utils.h">
      <Filter>Core\Header Files</Filter>
    </ClInclude>
    <ClInclude Include="GameAction.h">
      <Filter>Core\Header Files</Filter>
    </ClInclude>
    <ClInclude Include="InputBox.h">
      <Filter>Core\Header Files</Filter>
    </ClInclude>
    <ClInclude Include="SaveScreen.h">
      <Filter>Screens\Header Files</Filter>
    </ClInclude>
    <ClInclude Include="AI.h">
      <Filter>Bot\Header Files</Filter>
    </ClInclude>
    <ClInclude Include="Evaluation.h">
      <Filter>Bot\Header Files</Filter>
    </ClInclude>
    <ClInclude Include="Hash.h">
      <Filter>Bot\Header Files</Filter>
    </ClInclude>
    <ClInclude Include="Deadpool.h">
      <Filter>Graphics\Header Files</Filter>
    </ClInclude>
    <ClInclude Include="Captain.h">
      <Filter>Graphics\Header Files</Filter>
    </ClInclude>
    <ClInclude Include="Avatar.h">
      <Filter>Graphics\Header Files</Filter>
    </ClInclude>
    <ClInclude Include="Logo_Caro.h">
      <Filter>Graphics\Header Files</Filter>
    </ClInclude>
    <ClInclude Include="Result.h">
      <Filter>Graphics\Header Files</Filter>
    </ClInclude>
    <ClInclude Include="ReplayLoad.h">
      <Filter>Screens\Header Files</Filter>
    </ClInclude>
    <ClInclude Include="ReplaySave.h">
      <Filter>Screens\Header Files</Filter>
    </ClInclude>
    <ClInclude Include="LoadScreen.h">
      <Filter>Screens\Header Files</Filter>
    </ClInclude>
    <ClInclude Include="BackgroundAudioService.h">
      <Filter>Core\Header Files</Filter>
    </ClInclude>
    <ClInclude Include="Common.h">
      <Filter>Screens\Header Files</Filter>
    </ClInclude>
    <ClInclude Include="Hash.h">
      <Filter>Bot\Header Files</Filter>
    </ClInclude>
    <ClInclude Include="Evaluation.h">
      <Filter>Bot\Header Files</Filter>
    </ClInclude>
    <ClInclude Include="GameSelectionView.h">
      <Filter>Screens\Header Files</Filter>
    </ClInclude>
    <ClInclude Include="GameScreenView.h">
      <Filter>Screens\Header Files</Filter>
    </ClInclude>
    <ClInclude Include="GameScreenAction.h">
      <Filter>Screens\Header Files</Filter>
    </ClInclude>
    <ClInclude Include="PokemonBlack.h">
      <Filter>Graphics\Header Files</Filter>
    </ClInclude>
    <ClInclude Include="PokemonBlue.h">
      <Filter>Graphics\Header Files</Filter>
    </ClInclude>
    <ClInclude Include="PokemonGray.h">
      <Filter>Graphics\Header Files</Filter>
    </ClInclude>
    <ClInclude Include="PokemonGreen.h">
      <Filter>Graphics\Header Files</Filter>
    </ClInclude>
    <ClInclude Include="PokemonPink.h">
      <Filter>Graphics\Header Files</Filter>
    </ClInclude>
    <ClInclude Include="PokemonRed.h">
      <Filter>Graphics\Header Files</Filter>
    </ClInclude>
    <ClInclude Include="PokemonWhite.h">
      <Filter>Graphics\Header Files</Filter>
    </ClInclude>
    <ClInclude Include="PokemonYellow.h">
      <Filter>Graphics\Header Files</Filter>
    </ClInclude>
    <ClInclude Include="ReplayScreenView.h">
      <Filter>Screens\Header Files</Filter>
    </ClInclude>
    <ClInclude Include="Pokemon.h">
      <Filter>Graphics\Header Files</Filter>
    </ClInclude>
    <ClInclude Include="GameEndView.h">
      <Filter>Screens\Header Files</Filter>
    </ClInclude>
    <ClInclude Include="Tutorial.h">
      <Filter>Screens\Header Files</Filter>
    </ClInclude>
    <ClInclude Include="Gura.h">
      <Filter>Graphics\Header Files</Filter>
    </ClInclude>
    <ClInclude Include="Theme.h">
      <Filter>Core\Header Files</Filter>
    </ClInclude>
  </ItemGroup>
  <ItemGroup>
    <Text Include="Features.md" />
    <Text Include="TODO.md" />
    <Text Include="asset\language\vi.txt">
      <Filter>Resource Files\Language</Filter>
    </Text>
    <Text Include="asset\language\en.txt">
      <Filter>Resource Files\Language</Filter>
    </Text>
  </ItemGroup>
  <ItemGroup>
    <Media Include="asset\audio\nhac_an_chon.mp3">
      <Filter>Resource Files\Audio</Filter>
    </Media>
    <Media Include="asset\audio\Draw.mp3">
      <Filter>Resource Files\Audio</Filter>
    </Media>
    <Media Include="asset\audio\GameBGM.mp3">
      <Filter>Resource Files\Audio</Filter>
    </Media>
    <Media Include="asset\audio\Key.wav">
      <Filter>Resource Files\Audio</Filter>
    </Media>
    <Media Include="asset\audio\MenuBGM.mp3">
      <Filter>Resource Files\Audio</Filter>
    </Media>
    <Media Include="asset\audio\Win.mp3">
      <Filter>Resource Files\Audio</Filter>
    </Media>
    <Media Include="asset\audio\Lose.wav">
      <Filter>Resource Files\Audio</Filter>
    </Media>
  </ItemGroup>
  <ItemGroup>
    <None Include=".clang-format" />
  </ItemGroup>
</Project>